// !$*UTF8*$!
{
	archiveVersion = 1;
	classes = {
	};
	objectVersion = 46;
	objects = {

/* Begin PBXBuildFile section */
		A1FFE02A1C98147A00A61FBB /* AppDelegate.swift in Sources */ = {isa = PBXBuildFile; fileRef = A1FFE0201C98147A00A61FBB /* AppDelegate.swift */; };
		A1FFE02B1C98147A00A61FBB /* Assets.xcassets in Resources */ = {isa = PBXBuildFile; fileRef = A1FFE0211C98147A00A61FBB /* Assets.xcassets */; };
		A1FFE02C1C98147A00A61FBB /* LaunchScreen.storyboard in Resources */ = {isa = PBXBuildFile; fileRef = A1FFE0221C98147A00A61FBB /* LaunchScreen.storyboard */; };
		A1FFE02D1C98147A00A61FBB /* Main.storyboard in Resources */ = {isa = PBXBuildFile; fileRef = A1FFE0241C98147A00A61FBB /* Main.storyboard */; };
		A1FFE02E1C98147A00A61FBB /* Info.plist in Resources */ = {isa = PBXBuildFile; fileRef = A1FFE0261C98147A00A61FBB /* Info.plist */; };
		A1FFE02F1C98147A00A61FBB /* UIWheelGestureRecognizer.swift in Sources */ = {isa = PBXBuildFile; fileRef = A1FFE0281C98147A00A61FBB /* UIWheelGestureRecognizer.swift */; };
		A1FFE0301C98147A00A61FBB /* ViewController.swift in Sources */ = {isa = PBXBuildFile; fileRef = A1FFE0291C98147A00A61FBB /* ViewController.swift */; };
/* End PBXBuildFile section */

/* Begin PBXFileReference section */
		A1FFE0081C97F51E00A61FBB /* UIWheelGestureRecognizer.app */ = {isa = PBXFileReference; explicitFileType = wrapper.application; includeInIndex = 0; path = UIWheelGestureRecognizer.app; sourceTree = BUILT_PRODUCTS_DIR; };
		A1FFE0201C98147A00A61FBB /* AppDelegate.swift */ = {isa = PBXFileReference; fileEncoding = 4; lastKnownFileType = sourcecode.swift; path = AppDelegate.swift; sourceTree = "<group>"; };
		A1FFE0211C98147A00A61FBB /* Assets.xcassets */ = {isa = PBXFileReference; lastKnownFileType = folder.assetcatalog; path = Assets.xcassets; sourceTree = "<group>"; };
		A1FFE0231C98147A00A61FBB /* Base */ = {isa = PBXFileReference; lastKnownFileType = file.storyboard; name = Base; path = Base.lproj/LaunchScreen.storyboard; sourceTree = "<group>"; };
		A1FFE0251C98147A00A61FBB /* Base */ = {isa = PBXFileReference; lastKnownFileType = file.storyboard; name = Base; path = Base.lproj/Main.storyboard; sourceTree = "<group>"; };
		A1FFE0261C98147A00A61FBB /* Info.plist */ = {isa = PBXFileReference; fileEncoding = 4; lastKnownFileType = text.plist.xml; path = Info.plist; sourceTree = "<group>"; };
		A1FFE0281C98147A00A61FBB /* UIWheelGestureRecognizer.swift */ = {isa = PBXFileReference; fileEncoding = 4; lastKnownFileType = sourcecode.swift; path = UIWheelGestureRecognizer.swift; sourceTree = "<group>"; };
		A1FFE0291C98147A00A61FBB /* ViewController.swift */ = {isa = PBXFileReference; fileEncoding = 4; lastKnownFileType = sourcecode.swift; path = ViewController.swift; sourceTree = "<group>"; };
/* End PBXFileReference section */

/* Begin PBXFrameworksBuildPhase section */
		A1FFE0051C97F51E00A61FBB /* Frameworks */ = {
			isa = PBXFrameworksBuildPhase;
			buildActionMask = 2147483647;
			files = (
			);
			runOnlyForDeploymentPostprocessing = 0;
		};
/* End PBXFrameworksBuildPhase section */

/* Begin PBXGroup section */
		A1FFDFFF1C97F51E00A61FBB = {
			isa = PBXGroup;
			children = (
				A1FFE01F1C98147A00A61FBB /* UIWheelGestureRecognizer */,
				A1FFE0091C97F51E00A61FBB /* Products */,
			);
			sourceTree = "<group>";
		};
		A1FFE0091C97F51E00A61FBB /* Products */ = {
			isa = PBXGroup;
			children = (
				A1FFE0081C97F51E00A61FBB /* UIWheelGestureRecognizer.app */,
			);
			name = Products;
			sourceTree = "<group>";
		};
		A1FFE01F1C98147A00A61FBB /* UIWheelGestureRecognizer */ = {
			isa = PBXGroup;
			children = (
				A1FFE0201C98147A00A61FBB /* AppDelegate.swift */,
				A1FFE0211C98147A00A61FBB /* Assets.xcassets */,
				A1FFE0221C98147A00A61FBB /* LaunchScreen.storyboard */,
				A1FFE0241C98147A00A61FBB /* Main.storyboard */,
				A1FFE0261C98147A00A61FBB /* Info.plist */,
				A1FFE0271C98147A00A61FBB /* UIWinderGestureRecognizer */,
				A1FFE0291C98147A00A61FBB /* ViewController.swift */,
			);
			path = UIWheelGestureRecognizer;
			sourceTree = "<group>";
		};
		A1FFE0271C98147A00A61FBB /* UIWinderGestureRecognizer */ = {
			isa = PBXGroup;
			children = (
				A1FFE0281C98147A00A61FBB /* UIWheelGestureRecognizer.swift */,
			);
			path = UIWinderGestureRecognizer;
			sourceTree = "<group>";
		};
/* End PBXGroup section */

/* Begin PBXNativeTarget section */
		A1FFE0071C97F51E00A61FBB /* UIWheelGestureRecognizer */ = {
			isa = PBXNativeTarget;
			buildConfigurationList = A1FFE01A1C97F51F00A61FBB /* Build configuration list for PBXNativeTarget "UIWheelGestureRecognizer" */;
			buildPhases = (
				A1FFE0041C97F51E00A61FBB /* Sources */,
				A1FFE0051C97F51E00A61FBB /* Frameworks */,
				A1FFE0061C97F51E00A61FBB /* Resources */,
			);
			buildRules = (
			);
			dependencies = (
			);
			name = UIWheelGestureRecognizer;
			productName = UIWinderGestureRecognizer;
			productReference = A1FFE0081C97F51E00A61FBB /* UIWheelGestureRecognizer.app */;
			productType = "com.apple.product-type.application";
		};
/* End PBXNativeTarget section */

/* Begin PBXProject section */
		A1FFE0001C97F51E00A61FBB /* Project object */ = {
			isa = PBXProject;
			attributes = {
				LastSwiftUpdateCheck = 0720;
				LastUpgradeCheck = 0720;
				ORGANIZATIONNAME = iamchiwon;
				TargetAttributes = {
					A1FFE0071C97F51E00A61FBB = {
						CreatedOnToolsVersion = 7.2.1;
					};
				};
			};
			buildConfigurationList = A1FFE0031C97F51E00A61FBB /* Build configuration list for PBXProject "UIWheelGestureRecognizer" */;
			compatibilityVersion = "Xcode 3.2";
			developmentRegion = English;
			hasScannedForEncodings = 0;
			knownRegions = (
				en,
				Base,
			);
			mainGroup = A1FFDFFF1C97F51E00A61FBB;
			productRefGroup = A1FFE0091C97F51E00A61FBB /* Products */;
			projectDirPath = "";
			projectRoot = "";
			targets = (
				A1FFE0071C97F51E00A61FBB /* UIWheelGestureRecognizer */,
			);
		};
/* End PBXProject section */

/* Begin PBXResourcesBuildPhase section */
		A1FFE0061C97F51E00A61FBB /* Resources */ = {
			isa = PBXResourcesBuildPhase;
			buildActionMask = 2147483647;
			files = (
				A1FFE02B1C98147A00A61FBB /* Assets.xcassets in Resources */,
				A1FFE02D1C98147A00A61FBB /* Main.storyboard in Resources */,
				A1FFE02C1C98147A00A61FBB /* LaunchScreen.storyboard in Resources */,
				A1FFE02E1C98147A00A61FBB /* Info.plist in Resources */,
			);
			runOnlyForDeploymentPostprocessing = 0;
		};
/* End PBXResourcesBuildPhase section */

/* Begin PBXSourcesBuildPhase section */
		A1FFE0041C97F51E00A61FBB /* Sources */ = {
			isa = PBXSourcesBuildPhase;
			buildActionMask = 2147483647;
			files = (
				A1FFE0301C98147A00A61FBB /* ViewController.swift in Sources */,
				A1FFE02F1C98147A00A61FBB /* UIWheelGestureRecognizer.swift in Sources */,
				A1FFE02A1C98147A00A61FBB /* AppDelegate.swift in Sources */,
			);
			runOnlyForDeploymentPostprocessing = 0;
		};
/* End PBXSourcesBuildPhase section */

/* Begin PBXVariantGroup section */
		A1FFE0221C98147A00A61FBB /* LaunchScreen.storyboard */ = {
			isa = PBXVariantGroup;
			children = (
				A1FFE0231C98147A00A61FBB /* Base */,
			);
			name = LaunchScreen.storyboard;
			sourceTree = "<group>";
		};
		A1FFE0241C98147A00A61FBB /* Main.storyboard */ = {
			isa = PBXVariantGroup;
			children = (
				A1FFE0251C98147A00A61FBB /* Base */,
			);
			name = Main.storyboard;
			sourceTree = "<group>";
		};
/* End PBXVariantGroup section */

/* Begin XCBuildConfiguration section */
		A1FFE0181C97F51F00A61FBB /* Debug */ = {
			isa = XCBuildConfiguration;
			buildSettings = {
				ALWAYS_SEARCH_USER_PATHS = NO;
				CLANG_CXX_LANGUAGE_STANDARD = "gnu++0x";
				CLANG_CXX_LIBRARY = "libc++";
				CLANG_ENABLE_MODULES = YES;
				CLANG_ENABLE_OBJC_ARC = YES;
				CLANG_WARN_BOOL_CONVERSION = YES;
				CLANG_WARN_CONSTANT_CONVERSION = YES;
				CLANG_WARN_DIRECT_OBJC_ISA_USAGE = YES_ERROR;
				CLANG_WARN_EMPTY_BODY = YES;
				CLANG_WARN_ENUM_CONVERSION = YES;
				CLANG_WARN_INT_CONVERSION = YES;
				CLANG_WARN_OBJC_ROOT_CLASS = YES_ERROR;
				CLANG_WARN_UNREACHABLE_CODE = YES;
				CLANG_WARN__DUPLICATE_METHOD_MATCH = YES;
				"CODE_SIGN_IDENTITY[sdk=iphoneos*]" = "iPhone Developer";
				COPY_PHASE_STRIP = NO;
				DEBUG_INFORMATION_FORMAT = dwarf;
				ENABLE_STRICT_OBJC_MSGSEND = YES;
				ENABLE_TESTABILITY = YES;
				GCC_C_LANGUAGE_STANDARD = gnu99;
				GCC_DYNAMIC_NO_PIC = NO;
				GCC_NO_COMMON_BLOCKS = YES;
				GCC_OPTIMIZATION_LEVEL = 0;
				GCC_PREPROCESSOR_DEFINITIONS = (
					"DEBUG=1",
					"$(inherited)",
				);
				GCC_WARN_64_TO_32_BIT_CONVERSION = YES;
				GCC_WARN_ABOUT_RETURN_TYPE = YES_ERROR;
				GCC_WARN_UNDECLARED_SELECTOR = YES;
				GCC_WARN_UNINITIALIZED_AUTOS = YES_AGGRESSIVE;
				GCC_WARN_UNUSED_FUNCTION = YES;
				GCC_WARN_UNUSED_VARIABLE = YES;
				IPHONEOS_DEPLOYMENT_TARGET = 9.2;
				MTL_ENABLE_DEBUG_INFO = YES;
				ONLY_ACTIVE_ARCH = YES;
				SDKROOT = iphoneos;
				SWIFT_OPTIMIZATION_LEVEL = "-Onone";
			};
			name = Debug;
		};
		A1FFE0191C97F51F00A61FBB /* Release */ = {
			isa = XCBuildConfiguration;
			buildSettings = {
				ALWAYS_SEARCH_USER_PATHS = NO;
				CLANG_CXX_LANGUAGE_STANDARD = "gnu++0x";
				CLANG_CXX_LIBRARY = "libc++";
				CLANG_ENABLE_MODULES = YES;
				CLANG_ENABLE_OBJC_ARC = YES;
				CLANG_WARN_BOOL_CONVERSION = YES;
				CLANG_WARN_CONSTANT_CONVERSION = YES;
				CLANG_WARN_DIRECT_OBJC_ISA_USAGE = YES_ERROR;
				CLANG_WARN_EMPTY_BODY = YES;
				CLANG_WARN_ENUM_CONVERSION = YES;
				CLANG_WARN_INT_CONVERSION = YES;
				CLANG_WARN_OBJC_ROOT_CLASS = YES_ERROR;
				CLANG_WARN_UNREACHABLE_CODE = YES;
				CLANG_WARN__DUPLICATE_METHOD_MATCH = YES;
				"CODE_SIGN_IDENTITY[sdk=iphoneos*]" = "iPhone Developer";
				COPY_PHASE_STRIP = NO;
				DEBUG_INFORMATION_FORMAT = "dwarf-with-dsym";
				ENABLE_NS_ASSERTIONS = NO;
				ENABLE_STRICT_OBJC_MSGSEND = YES;
				GCC_C_LANGUAGE_STANDARD = gnu99;
				GCC_NO_COMMON_BLOCKS = YES;
				GCC_WARN_64_TO_32_BIT_CONVERSION = YES;
				GCC_WARN_ABOUT_RETURN_TYPE = YES_ERROR;
				GCC_WARN_UNDECLARED_SELECTOR = YES;
				GCC_WARN_UNINITIALIZED_AUTOS = YES_AGGRESSIVE;
				GCC_WARN_UNUSED_FUNCTION = YES;
				GCC_WARN_UNUSED_VARIABLE = YES;
				IPHONEOS_DEPLOYMENT_TARGET = 9.2;
				MTL_ENABLE_DEBUG_INFO = NO;
				SDKROOT = iphoneos;
				VALIDATE_PRODUCT = YES;
			};
			name = Release;
		};
		A1FFE01B1C97F51F00A61FBB /* Debug */ = {
			isa = XCBuildConfiguration;
			buildSettings = {
				ASSETCATALOG_COMPILER_APPICON_NAME = AppIcon;
				INFOPLIST_FILE = UIWheelGestureRecognizer/Info.plist;
				LD_RUNPATH_SEARCH_PATHS = "$(inherited) @executable_path/Frameworks";
				PRODUCT_BUNDLE_IDENTIFIER = com.iamchiwon.UIWheelGestureRecognizer;
				PRODUCT_NAME = UIWheelGestureRecognizer;
			};
			name = Debug;
		};
		A1FFE01C1C97F51F00A61FBB /* Release */ = {
			isa = XCBuildConfiguration;
			buildSettings = {
				ASSETCATALOG_COMPILER_APPICON_NAME = AppIcon;
				INFOPLIST_FILE = UIWheelGestureRecognizer/Info.plist;
				LD_RUNPATH_SEARCH_PATHS = "$(inherited) @executable_path/Frameworks";
				PRODUCT_BUNDLE_IDENTIFIER = com.iamchiwon.UIWheelGestureRecognizer;
				PRODUCT_NAME = UIWheelGestureRecognizer;
			};
			name = Release;
		};
/* End XCBuildConfiguration section */

/* Begin XCConfigurationList section */
		A1FFE0031C97F51E00A61FBB /* Build configuration list for PBXProject "UIWheelGestureRecognizer" */ = {
			isa = XCConfigurationList;
			buildConfigurations = (
				A1FFE0181C97F51F00A61FBB /* Debug */,
				A1FFE0191C97F51F00A61FBB /* Release */,
			);
			defaultConfigurationIsVisible = 0;
			defaultConfigurationName = Release;
		};
		A1FFE01A1C97F51F00A61FBB /* Build configuration list for PBXNativeTarget "UIWheelGestureRecognizer" */ = {
			isa = XCConfigurationList;
			buildConfigurations = (
				A1FFE01B1C97F51F00A61FBB /* Debug */,
				A1FFE01C1C97F51F00A61FBB /* Release */,
			);
			defaultConfigurationIsVisible = 0;
		};
/* End XCConfigurationList section */
	};
	rootObject = A1FFE0001C97F51E00A61FBB /* Project object */;
}
